{
  "pins" : [
    {
      "identity" : "urkit",
      "kind" : "remoteSourceControl",
      "location" : "https://github.com/BlockchainCommons/URKit.git",
      "state" : {
        "revision" : "0c48811b55ffb641172d40e17facf2a3fcef6694",
        "version" : "7.0.2"
      }
    },
    {
      "identity" : "wolfbase",
      "kind" : "remoteSourceControl",
      "location" : "https://github.com/wolfmcnally/WolfBase",
      "state" : {
        "revision" : "81a1ddeb4e21dadc34ed23faed3b61e475eb4fab",
        "version" : "4.0.0"
      }
    }
  ],
  "version" : 2
}
