{
  "pins" : [
    {
      "identity" : "urkit",
      "kind" : "remoteSourceControl",
      "location" : "https://github.com/BlockchainCommons/URKit.git",
      "state" : {
        "revision" : "1b36dc6c6dbf2b851e02e008eaea85b68b102ecc",
        "version" : "7.4.2"
      }
    },
    {
      "identity" : "wolfbase",
      "kind" : "remoteSourceControl",
      "location" : "https://github.com/wolfmcnally/WolfBase",
      "state" : {
        "revision" : "098eaa6bb1d28fd01c36cd6030bee4e4209c4ca3",
        "version" : "4.5.1"
      }
    }
  ],
  "version" : 2
}
